
Microsoft Visual Studio Solution File, Format Version 12.00
# Visual Studio Version 16
VisualStudioVersion = 16.0.30011.22
MinimumVisualStudioVersion = 10.0.40219.1
Project("{FAE04EC0-301F-11D3-BF4B-00C04F79EFBC}") = "GithubTest", "GithubTest\GithubTest.csproj", "{3390CEB1-932E-4832-9EA0-A488BB3EBC4E}"
EndProject
Global
	GlobalSection(SolutionConfigurationPlatforms) = preSolution
		Debug|Any CPU = Debug|Any CPU
		Release|Any CPU = Release|Any CPU
	EndGlobalSection
	GlobalSection(ProjectConfigurationPlatforms) = postSolution
		{3390CEB1-932E-4832-9EA0-A488BB3EBC4E}.Debug|Any CPU.ActiveCfg = Debug|Any CPU
		{3390CEB1-932E-4832-9EA0-A488BB3EBC4E}.Debug|Any CPU.Build.0 = Debug|Any CPU
		{3390CEB1-932E-4832-9EA0-A488BB3EBC4E}.Release|Any CPU.ActiveCfg = Release|Any CPU
		{3390CEB1-932E-4832-9EA0-A488BB3EBC4E}.Release|Any CPU.Build.0 = Release|Any CPU
	EndGlobalSection
	GlobalSection(SolutionProperties) = preSolution
		HideSolutionNode = FALSE
	EndGlobalSection
	GlobalSection(ExtensibilityGlobals) = postSolution
		SolutionGuid = {909F9CE7-50D4-4727-B6C8-856CE62AC3DC}
	EndGlobalSection
EndGlobal
